// !$*UTF8*$!
{
	archiveVersion = 1;
	classes = {
	};
	objectVersion = 46;
	objects = {

/* Begin PBXBuildFile section */
		1D91697E18151E5A008DD91F /* Foundation.framework in Frameworks */ = {isa = PBXBuildFile; fileRef = 1D91697D18151E5A008DD91F /* Foundation.framework */; };
		1D91698018151E5A008DD91F /* CoreGraphics.framework in Frameworks */ = {isa = PBXBuildFile; fileRef = 1D91697F18151E5A008DD91F /* CoreGraphics.framework */; };
		1D91698218151E5A008DD91F /* UIKit.framework in Frameworks */ = {isa = PBXBuildFile; fileRef = 1D91698118151E5A008DD91F /* UIKit.framework */; };
		1D91698818151E5A008DD91F /* InfoPlist.strings in Resources */ = {isa = PBXBuildFile; fileRef = 1D91698618151E5A008DD91F /* InfoPlist.strings */; };
		1D91698A18151E5A008DD91F /* main.m in Sources */ = {isa = PBXBuildFile; fileRef = 1D91698918151E5A008DD91F /* main.m */; };
		1D91698E18151E5A008DD91F /* AppDelegate.m in Sources */ = {isa = PBXBuildFile; fileRef = 1D91698D18151E5A008DD91F /* AppDelegate.m */; };
		1D91699118151E5A008DD91F /* Main_iPhone.storyboard in Resources */ = {isa = PBXBuildFile; fileRef = 1D91698F18151E5A008DD91F /* Main_iPhone.storyboard */; };
		1D91699418151E5A008DD91F /* Main_iPad.storyboard in Resources */ = {isa = PBXBuildFile; fileRef = 1D91699218151E5A008DD91F /* Main_iPad.storyboard */; };
		1D91699718151E5A008DD91F /* MasterViewController.m in Sources */ = {isa = PBXBuildFile; fileRef = 1D91699618151E5A008DD91F /* MasterViewController.m */; };
		1D91699A18151E5A008DD91F /* DetailViewController.m in Sources */ = {isa = PBXBuildFile; fileRef = 1D91699918151E5A008DD91F /* DetailViewController.m */; };
		1D91699C18151E5A008DD91F /* Images.xcassets in Resources */ = {isa = PBXBuildFile; fileRef = 1D91699B18151E5A008DD91F /* Images.xcassets */; };
		1D9169A318151E5A008DD91F /* XCTest.framework in Frameworks */ = {isa = PBXBuildFile; fileRef = 1D9169A218151E5A008DD91F /* XCTest.framework */; };
		1D9169A418151E5A008DD91F /* Foundation.framework in Frameworks */ = {isa = PBXBuildFile; fileRef = 1D91697D18151E5A008DD91F /* Foundation.framework */; };
		1D9169A518151E5A008DD91F /* UIKit.framework in Frameworks */ = {isa = PBXBuildFile; fileRef = 1D91698118151E5A008DD91F /* UIKit.framework */; };
		1D9169AD18151E5A008DD91F /* InfoPlist.strings in Resources */ = {isa = PBXBuildFile; fileRef = 1D9169AB18151E5A008DD91F /* InfoPlist.strings */; };
		1D9169AF18151E5A008DD91F /* status_prototypeTests.m in Sources */ = {isa = PBXBuildFile; fileRef = 1D9169AE18151E5A008DD91F /* status_prototypeTests.m */; };
		1D9169BA18152450008DD91F /* Group.m in Sources */ = {isa = PBXBuildFile; fileRef = 1D9169B918152450008DD91F /* Group.m */; };
		1D9169BD1815266B008DD91F /* GroupDataController.m in Sources */ = {isa = PBXBuildFile; fileRef = 1D9169BC1815266B008DD91F /* GroupDataController.m */; };
		B6BBA9FC18403E90003ADFC2 /* CreatePollController.m in Sources */ = {isa = PBXBuildFile; fileRef = B6BBA9FB18403E90003ADFC2 /* CreatePollController.m */; };
		B6BBA9FF184043B2003ADFC2 /* PublishPollController.m in Sources */ = {isa = PBXBuildFile; fileRef = B6BBA9FE184043B2003ADFC2 /* PublishPollController.m */; };
/* End PBXBuildFile section */

/* Begin PBXContainerItemProxy section */
		1D9169A618151E5A008DD91F /* PBXContainerItemProxy */ = {
			isa = PBXContainerItemProxy;
			containerPortal = 1D91697218151E5A008DD91F /* Project object */;
			proxyType = 1;
			remoteGlobalIDString = 1D91697918151E5A008DD91F;
			remoteInfo = status_prototype;
		};
/* End PBXContainerItemProxy section */

/* Begin PBXFileReference section */
		1D91697A18151E5A008DD91F /* status_prototype.app */ = {isa = PBXFileReference; explicitFileType = wrapper.application; includeInIndex = 0; path = status_prototype.app; sourceTree = BUILT_PRODUCTS_DIR; };
		1D91697D18151E5A008DD91F /* Foundation.framework */ = {isa = PBXFileReference; lastKnownFileType = wrapper.framework; name = Foundation.framework; path = System/Library/Frameworks/Foundation.framework; sourceTree = SDKROOT; };
		1D91697F18151E5A008DD91F /* CoreGraphics.framework */ = {isa = PBXFileReference; lastKnownFileType = wrapper.framework; name = CoreGraphics.framework; path = System/Library/Frameworks/CoreGraphics.framework; sourceTree = SDKROOT; };
		1D91698118151E5A008DD91F /* UIKit.framework */ = {isa = PBXFileReference; lastKnownFileType = wrapper.framework; name = UIKit.framework; path = System/Library/Frameworks/UIKit.framework; sourceTree = SDKROOT; };
		1D91698518151E5A008DD91F /* status_prototype-Info.plist */ = {isa = PBXFileReference; lastKnownFileType = text.plist.xml; path = "status_prototype-Info.plist"; sourceTree = "<group>"; };
		1D91698718151E5A008DD91F /* en */ = {isa = PBXFileReference; lastKnownFileType = text.plist.strings; name = en; path = en.lproj/InfoPlist.strings; sourceTree = "<group>"; };
		1D91698918151E5A008DD91F /* main.m */ = {isa = PBXFileReference; lastKnownFileType = sourcecode.c.objc; path = main.m; sourceTree = "<group>"; };
		1D91698B18151E5A008DD91F /* status_prototype-Prefix.pch */ = {isa = PBXFileReference; lastKnownFileType = sourcecode.c.h; path = "status_prototype-Prefix.pch"; sourceTree = "<group>"; };
		1D91698C18151E5A008DD91F /* AppDelegate.h */ = {isa = PBXFileReference; lastKnownFileType = sourcecode.c.h; path = AppDelegate.h; sourceTree = "<group>"; };
		1D91698D18151E5A008DD91F /* AppDelegate.m */ = {isa = PBXFileReference; lastKnownFileType = sourcecode.c.objc; path = AppDelegate.m; sourceTree = "<group>"; };
		1D91699018151E5A008DD91F /* Base */ = {isa = PBXFileReference; lastKnownFileType = file.storyboard; name = Base; path = Base.lproj/Main_iPhone.storyboard; sourceTree = "<group>"; };
		1D91699318151E5A008DD91F /* Base */ = {isa = PBXFileReference; lastKnownFileType = file.storyboard; name = Base; path = Base.lproj/Main_iPad.storyboard; sourceTree = "<group>"; };
		1D91699518151E5A008DD91F /* MasterViewController.h */ = {isa = PBXFileReference; lastKnownFileType = sourcecode.c.h; path = MasterViewController.h; sourceTree = "<group>"; };
		1D91699618151E5A008DD91F /* MasterViewController.m */ = {isa = PBXFileReference; lastKnownFileType = sourcecode.c.objc; path = MasterViewController.m; sourceTree = "<group>"; };
		1D91699818151E5A008DD91F /* DetailViewController.h */ = {isa = PBXFileReference; lastKnownFileType = sourcecode.c.h; path = DetailViewController.h; sourceTree = "<group>"; };
		1D91699918151E5A008DD91F /* DetailViewController.m */ = {isa = PBXFileReference; lastKnownFileType = sourcecode.c.objc; path = DetailViewController.m; sourceTree = "<group>"; };
		1D91699B18151E5A008DD91F /* Images.xcassets */ = {isa = PBXFileReference; lastKnownFileType = folder.assetcatalog; path = Images.xcassets; sourceTree = "<group>"; };
		1D9169A118151E5A008DD91F /* status_prototypeTests.xctest */ = {isa = PBXFileReference; explicitFileType = wrapper.cfbundle; includeInIndex = 0; path = status_prototypeTests.xctest; sourceTree = BUILT_PRODUCTS_DIR; };
		1D9169A218151E5A008DD91F /* XCTest.framework */ = {isa = PBXFileReference; lastKnownFileType = wrapper.framework; name = XCTest.framework; path = Library/Frameworks/XCTest.framework; sourceTree = DEVELOPER_DIR; };
		1D9169AA18151E5A008DD91F /* status_prototypeTests-Info.plist */ = {isa = PBXFileReference; lastKnownFileType = text.plist.xml; path = "status_prototypeTests-Info.plist"; sourceTree = "<group>"; };
		1D9169AC18151E5A008DD91F /* en */ = {isa = PBXFileReference; lastKnownFileType = text.plist.strings; name = en; path = en.lproj/InfoPlist.strings; sourceTree = "<group>"; };
		1D9169AE18151E5A008DD91F /* status_prototypeTests.m */ = {isa = PBXFileReference; lastKnownFileType = sourcecode.c.objc; path = status_prototypeTests.m; sourceTree = "<group>"; };
		1D9169B818152450008DD91F /* Group.h */ = {isa = PBXFileReference; fileEncoding = 4; lastKnownFileType = sourcecode.c.h; path = Group.h; sourceTree = "<group>"; };
		1D9169B918152450008DD91F /* Group.m */ = {isa = PBXFileReference; fileEncoding = 4; lastKnownFileType = sourcecode.c.objc; path = Group.m; sourceTree = "<group>"; };
		1D9169BB1815266B008DD91F /* GroupDataController.h */ = {isa = PBXFileReference; fileEncoding = 4; lastKnownFileType = sourcecode.c.h; path = GroupDataController.h; sourceTree = "<group>"; };
		1D9169BC1815266B008DD91F /* GroupDataController.m */ = {isa = PBXFileReference; fileEncoding = 4; lastKnownFileType = sourcecode.c.objc; path = GroupDataController.m; sourceTree = "<group>"; };
		B6BBA9FA18403E73003ADFC2 /* CreatePollController.h */ = {isa = PBXFileReference; fileEncoding = 4; lastKnownFileType = sourcecode.c.h; path = CreatePollController.h; sourceTree = "<group>"; };
		B6BBA9FB18403E90003ADFC2 /* CreatePollController.m */ = {isa = PBXFileReference; fileEncoding = 4; lastKnownFileType = sourcecode.c.objc; path = CreatePollController.m; sourceTree = "<group>"; };
		B6BBA9FD18404380003ADFC2 /* PublishPollController.h */ = {isa = PBXFileReference; fileEncoding = 4; lastKnownFileType = sourcecode.c.h; path = PublishPollController.h; sourceTree = "<group>"; };
		B6BBA9FE184043B2003ADFC2 /* PublishPollController.m */ = {isa = PBXFileReference; fileEncoding = 4; lastKnownFileType = sourcecode.c.objc; path = PublishPollController.m; sourceTree = "<group>"; };
/* End PBXFileReference section */

/* Begin PBXFrameworksBuildPhase section */
		1D91697718151E5A008DD91F /* Frameworks */ = {
			isa = PBXFrameworksBuildPhase;
			buildActionMask = 2147483647;
			files = (
				1D91698018151E5A008DD91F /* CoreGraphics.framework in Frameworks */,
				1D91698218151E5A008DD91F /* UIKit.framework in Frameworks */,
				1D91697E18151E5A008DD91F /* Foundation.framework in Frameworks */,
			);
			runOnlyForDeploymentPostprocessing = 0;
		};
		1D91699E18151E5A008DD91F /* Frameworks */ = {
			isa = PBXFrameworksBuildPhase;
			buildActionMask = 2147483647;
			files = (
				1D9169A318151E5A008DD91F /* XCTest.framework in Frameworks */,
				1D9169A518151E5A008DD91F /* UIKit.framework in Frameworks */,
				1D9169A418151E5A008DD91F /* Foundation.framework in Frameworks */,
			);
			runOnlyForDeploymentPostprocessing = 0;
		};
/* End PBXFrameworksBuildPhase section */

/* Begin PBXGroup section */
		1D91697118151E5A008DD91F = {
			isa = PBXGroup;
			children = (
				1D91698318151E5A008DD91F /* status_prototype */,
				1D9169A818151E5A008DD91F /* status_prototypeTests */,
				1D91697C18151E5A008DD91F /* Frameworks */,
				1D91697B18151E5A008DD91F /* Products */,
			);
			sourceTree = "<group>";
		};
		1D91697B18151E5A008DD91F /* Products */ = {
			isa = PBXGroup;
			children = (
				1D91697A18151E5A008DD91F /* status_prototype.app */,
				1D9169A118151E5A008DD91F /* status_prototypeTests.xctest */,
			);
			name = Products;
			sourceTree = "<group>";
		};
		1D91697C18151E5A008DD91F /* Frameworks */ = {
			isa = PBXGroup;
			children = (
				1D91697D18151E5A008DD91F /* Foundation.framework */,
				1D91697F18151E5A008DD91F /* CoreGraphics.framework */,
				1D91698118151E5A008DD91F /* UIKit.framework */,
				1D9169A218151E5A008DD91F /* XCTest.framework */,
			);
			name = Frameworks;
			sourceTree = "<group>";
		};
		1D91698318151E5A008DD91F /* status_prototype */ = {
			isa = PBXGroup;
			children = (
				1D91698C18151E5A008DD91F /* AppDelegate.h */,
				1D91698D18151E5A008DD91F /* AppDelegate.m */,
				1D91698F18151E5A008DD91F /* Main_iPhone.storyboard */,
				1D9169B818152450008DD91F /* Group.h */,
				1D9169B918152450008DD91F /* Group.m */,
				1D9169BB1815266B008DD91F /* GroupDataController.h */,
				1D9169BC1815266B008DD91F /* GroupDataController.m */,
				1D91699218151E5A008DD91F /* Main_iPad.storyboard */,
				1D91699518151E5A008DD91F /* MasterViewController.h */,
				1D91699618151E5A008DD91F /* MasterViewController.m */,
				B6BBA9FD18404380003ADFC2 /* PublishPollController.h */,
				B6BBA9FA18403E73003ADFC2 /* CreatePollController.h */,
				B6BBA9FB18403E90003ADFC2 /* CreatePollController.m */,
				1D91699818151E5A008DD91F /* DetailViewController.h */,
				B6BBA9FE184043B2003ADFC2 /* PublishPollController.m */,
				1D91699918151E5A008DD91F /* DetailViewController.m */,
				1D91699B18151E5A008DD91F /* Images.xcassets */,
				1D91698418151E5A008DD91F /* Supporting Files */,
			);
			path = status_prototype;
			sourceTree = "<group>";
		};
		1D91698418151E5A008DD91F /* Supporting Files */ = {
			isa = PBXGroup;
			children = (
				1D91698518151E5A008DD91F /* status_prototype-Info.plist */,
				1D91698618151E5A008DD91F /* InfoPlist.strings */,
				1D91698918151E5A008DD91F /* main.m */,
				1D91698B18151E5A008DD91F /* status_prototype-Prefix.pch */,
			);
			name = "Supporting Files";
			sourceTree = "<group>";
		};
		1D9169A818151E5A008DD91F /* status_prototypeTests */ = {
			isa = PBXGroup;
			children = (
				1D9169AE18151E5A008DD91F /* status_prototypeTests.m */,
				1D9169A918151E5A008DD91F /* Supporting Files */,
			);
			path = status_prototypeTests;
			sourceTree = "<group>";
		};
		1D9169A918151E5A008DD91F /* Supporting Files */ = {
			isa = PBXGroup;
			children = (
				1D9169AA18151E5A008DD91F /* status_prototypeTests-Info.plist */,
				1D9169AB18151E5A008DD91F /* InfoPlist.strings */,
			);
			name = "Supporting Files";
			sourceTree = "<group>";
		};
/* End PBXGroup section */

/* Begin PBXNativeTarget section */
		1D91697918151E5A008DD91F /* status_prototype */ = {
			isa = PBXNativeTarget;
			buildConfigurationList = 1D9169B218151E5A008DD91F /* Build configuration list for PBXNativeTarget "status_prototype" */;
			buildPhases = (
				1D91697618151E5A008DD91F /* Sources */,
				1D91697718151E5A008DD91F /* Frameworks */,
				1D91697818151E5A008DD91F /* Resources */,
			);
			buildRules = (
			);
			dependencies = (
			);
			name = status_prototype;
			productName = status_prototype;
			productReference = 1D91697A18151E5A008DD91F /* status_prototype.app */;
			productType = "com.apple.product-type.application";
		};
		1D9169A018151E5A008DD91F /* status_prototypeTests */ = {
			isa = PBXNativeTarget;
			buildConfigurationList = 1D9169B518151E5A008DD91F /* Build configuration list for PBXNativeTarget "status_prototypeTests" */;
			buildPhases = (
				1D91699D18151E5A008DD91F /* Sources */,
				1D91699E18151E5A008DD91F /* Frameworks */,
				1D91699F18151E5A008DD91F /* Resources */,
			);
			buildRules = (
			);
			dependencies = (
				1D9169A718151E5A008DD91F /* PBXTargetDependency */,
			);
			name = status_prototypeTests;
			productName = status_prototypeTests;
			productReference = 1D9169A118151E5A008DD91F /* status_prototypeTests.xctest */;
			productType = "com.apple.product-type.bundle.unit-test";
		};
/* End PBXNativeTarget section */

/* Begin PBXProject section */
		1D91697218151E5A008DD91F /* Project object */ = {
			isa = PBXProject;
			attributes = {
				LastUpgradeCheck = 0500;
				ORGANIZATIONNAME = "Francesca Nannizzi";
				TargetAttributes = {
					1D9169A018151E5A008DD91F = {
						TestTargetID = 1D91697918151E5A008DD91F;
					};
				};
			};
			buildConfigurationList = 1D91697518151E5A008DD91F /* Build configuration list for PBXProject "status_prototype" */;
			compatibilityVersion = "Xcode 3.2";
			developmentRegion = English;
			hasScannedForEncodings = 0;
			knownRegions = (
				en,
				Base,
			);
			mainGroup = 1D91697118151E5A008DD91F;
			productRefGroup = 1D91697B18151E5A008DD91F /* Products */;
			projectDirPath = "";
			projectRoot = "";
			targets = (
				1D91697918151E5A008DD91F /* status_prototype */,
				1D9169A018151E5A008DD91F /* status_prototypeTests */,
			);
		};
/* End PBXProject section */

/* Begin PBXResourcesBuildPhase section */
		1D91697818151E5A008DD91F /* Resources */ = {
			isa = PBXResourcesBuildPhase;
			buildActionMask = 2147483647;
			files = (
				1D91699418151E5A008DD91F /* Main_iPad.storyboard in Resources */,
				1D91699C18151E5A008DD91F /* Images.xcassets in Resources */,
				1D91699118151E5A008DD91F /* Main_iPhone.storyboard in Resources */,
				1D91698818151E5A008DD91F /* InfoPlist.strings in Resources */,
			);
			runOnlyForDeploymentPostprocessing = 0;
		};
		1D91699F18151E5A008DD91F /* Resources */ = {
			isa = PBXResourcesBuildPhase;
			buildActionMask = 2147483647;
			files = (
				1D9169AD18151E5A008DD91F /* InfoPlist.strings in Resources */,
			);
			runOnlyForDeploymentPostprocessing = 0;
		};
/* End PBXResourcesBuildPhase section */

/* Begin PBXSourcesBuildPhase section */
		1D91697618151E5A008DD91F /* Sources */ = {
			isa = PBXSourcesBuildPhase;
			buildActionMask = 2147483647;
			files = (
				1D91698E18151E5A008DD91F /* AppDelegate.m in Sources */,
				1D91699718151E5A008DD91F /* MasterViewController.m in Sources */,
				1D9169BA18152450008DD91F /* Group.m in Sources */,
				B6BBA9FC18403E90003ADFC2 /* CreatePollController.m in Sources */,
				B6BBA9FF184043B2003ADFC2 /* PublishPollController.m in Sources */,
				1D91698A18151E5A008DD91F /* main.m in Sources */,
				1D91699A18151E5A008DD91F /* DetailViewController.m in Sources */,
				1D9169BD1815266B008DD91F /* GroupDataController.m in Sources */,
			);
			runOnlyForDeploymentPostprocessing = 0;
		};
		1D91699D18151E5A008DD91F /* Sources */ = {
			isa = PBXSourcesBuildPhase;
			buildActionMask = 2147483647;
			files = (
				1D9169AF18151E5A008DD91F /* status_prototypeTests.m in Sources */,
			);
			runOnlyForDeploymentPostprocessing = 0;
		};
/* End PBXSourcesBuildPhase section */

/* Begin PBXTargetDependency section */
		1D9169A718151E5A008DD91F /* PBXTargetDependency */ = {
			isa = PBXTargetDependency;
			target = 1D91697918151E5A008DD91F /* status_prototype */;
			targetProxy = 1D9169A618151E5A008DD91F /* PBXContainerItemProxy */;
		};
/* End PBXTargetDependency section */

/* Begin PBXVariantGroup section */
		1D91698618151E5A008DD91F /* InfoPlist.strings */ = {
			isa = PBXVariantGroup;
			children = (
				1D91698718151E5A008DD91F /* en */,
			);
			name = InfoPlist.strings;
			sourceTree = "<group>";
		};
		1D91698F18151E5A008DD91F /* Main_iPhone.storyboard */ = {
			isa = PBXVariantGroup;
			children = (
				1D91699018151E5A008DD91F /* Base */,
			);
			name = Main_iPhone.storyboard;
			sourceTree = "<group>";
		};
		1D91699218151E5A008DD91F /* Main_iPad.storyboard */ = {
			isa = PBXVariantGroup;
			children = (
				1D91699318151E5A008DD91F /* Base */,
			);
			name = Main_iPad.storyboard;
			sourceTree = "<group>";
		};
		1D9169AB18151E5A008DD91F /* InfoPlist.strings */ = {
			isa = PBXVariantGroup;
			children = (
				1D9169AC18151E5A008DD91F /* en */,
			);
			name = InfoPlist.strings;
			sourceTree = "<group>";
		};
/* End PBXVariantGroup section */

/* Begin XCBuildConfiguration section */
		1D9169B018151E5A008DD91F /* Debug */ = {
			isa = XCBuildConfiguration;
			buildSettings = {
				ALWAYS_SEARCH_USER_PATHS = NO;
				ARCHS = "$(ARCHS_STANDARD_INCLUDING_64_BIT)";
				CLANG_CXX_LANGUAGE_STANDARD = "gnu++0x";
				CLANG_CXX_LIBRARY = "libc++";
				CLANG_ENABLE_MODULES = YES;
				CLANG_ENABLE_OBJC_ARC = YES;
				CLANG_WARN_BOOL_CONVERSION = YES;
				CLANG_WARN_CONSTANT_CONVERSION = YES;
				CLANG_WARN_DIRECT_OBJC_ISA_USAGE = YES_ERROR;
				CLANG_WARN_EMPTY_BODY = YES;
				CLANG_WARN_ENUM_CONVERSION = YES;
				CLANG_WARN_INT_CONVERSION = YES;
				CLANG_WARN_OBJC_ROOT_CLASS = YES_ERROR;
				CLANG_WARN__DUPLICATE_METHOD_MATCH = YES;
				"CODE_SIGN_IDENTITY[sdk=iphoneos*]" = "iPhone Developer";
				COPY_PHASE_STRIP = NO;
				GCC_C_LANGUAGE_STANDARD = gnu99;
				GCC_DYNAMIC_NO_PIC = NO;
				GCC_OPTIMIZATION_LEVEL = 0;
				GCC_PREPROCESSOR_DEFINITIONS = (
					"DEBUG=1",
					"$(inherited)",
				);
				GCC_SYMBOLS_PRIVATE_EXTERN = NO;
				GCC_WARN_64_TO_32_BIT_CONVERSION = YES;
				GCC_WARN_ABOUT_RETURN_TYPE = YES_ERROR;
				GCC_WARN_UNDECLARED_SELECTOR = YES;
				GCC_WARN_UNINITIALIZED_AUTOS = YES;
				GCC_WARN_UNUSED_FUNCTION = YES;
				GCC_WARN_UNUSED_VARIABLE = YES;
				IPHONEOS_DEPLOYMENT_TARGET = 7.0;
				ONLY_ACTIVE_ARCH = YES;
				SDKROOT = iphoneos;
				TARGETED_DEVICE_FAMILY = "1,2";
			};
			name = Debug;
		};
		1D9169B118151E5A008DD91F /* Release */ = {
			isa = XCBuildConfiguration;
			buildSettings = {
				ALWAYS_SEARCH_USER_PATHS = NO;
				ARCHS = "$(ARCHS_STANDARD_INCLUDING_64_BIT)";
				CLANG_CXX_LANGUAGE_STANDARD = "gnu++0x";
				CLANG_CXX_LIBRARY = "libc++";
				CLANG_ENABLE_MODULES = YES;
				CLANG_ENABLE_OBJC_ARC = YES;
				CLANG_WARN_BOOL_CONVERSION = YES;
				CLANG_WARN_CONSTANT_CONVERSION = YES;
				CLANG_WARN_DIRECT_OBJC_ISA_USAGE = YES_ERROR;
				CLANG_WARN_EMPTY_BODY = YES;
				CLANG_WARN_ENUM_CONVERSION = YES;
				CLANG_WARN_INT_CONVERSION = YES;
				CLANG_WARN_OBJC_ROOT_CLASS = YES_ERROR;
				CLANG_WARN__DUPLICATE_METHOD_MATCH = YES;
				"CODE_SIGN_IDENTITY[sdk=iphoneos*]" = "iPhone Developer";
				COPY_PHASE_STRIP = YES;
				ENABLE_NS_ASSERTIONS = NO;
				GCC_C_LANGUAGE_STANDARD = gnu99;
				GCC_WARN_64_TO_32_BIT_CONVERSION = YES;
				GCC_WARN_ABOUT_RETURN_TYPE = YES_ERROR;
				GCC_WARN_UNDECLARED_SELECTOR = YES;
				GCC_WARN_UNINITIALIZED_AUTOS = YES;
				GCC_WARN_UNUSED_FUNCTION = YES;
				GCC_WARN_UNUSED_VARIABLE = YES;
				IPHONEOS_DEPLOYMENT_TARGET = 7.0;
				SDKROOT = iphoneos;
				TARGETED_DEVICE_FAMILY = "1,2";
				VALIDATE_PRODUCT = YES;
			};
			name = Release;
		};
		1D9169B318151E5A008DD91F /* Debug */ = {
			isa = XCBuildConfiguration;
			buildSettings = {
				ASSETCATALOG_COMPILER_APPICON_NAME = AppIcon;
				ASSETCATALOG_COMPILER_LAUNCHIMAGE_NAME = LaunchImage;
				GCC_PRECOMPILE_PREFIX_HEADER = YES;
				GCC_PREFIX_HEADER = "status_prototype/status_prototype-Prefix.pch";
				INFOPLIST_FILE = "status_prototype/status_prototype-Info.plist";
				PRODUCT_NAME = "$(TARGET_NAME)";
				WRAPPER_EXTENSION = app;
			};
			name = Debug;
		};
		1D9169B418151E5A008DD91F /* Release */ = {
			isa = XCBuildConfiguration;
			buildSettings = {
				ASSETCATALOG_COMPILER_APPICON_NAME = AppIcon;
				ASSETCATALOG_COMPILER_LAUNCHIMAGE_NAME = LaunchImage;
				GCC_PRECOMPILE_PREFIX_HEADER = YES;
				GCC_PREFIX_HEADER = "status_prototype/status_prototype-Prefix.pch";
				INFOPLIST_FILE = "status_prototype/status_prototype-Info.plist";
				PRODUCT_NAME = "$(TARGET_NAME)";
				WRAPPER_EXTENSION = app;
			};
			name = Release;
		};
		1D9169B618151E5A008DD91F /* Debug */ = {
			isa = XCBuildConfiguration;
			buildSettings = {
				ARCHS = "$(ARCHS_STANDARD_INCLUDING_64_BIT)";
				BUNDLE_LOADER = "$(BUILT_PRODUCTS_DIR)/status_prototype.app/status_prototype";
				FRAMEWORK_SEARCH_PATHS = (
					"$(SDKROOT)/Developer/Library/Frameworks",
					"$(inherited)",
					"$(DEVELOPER_FRAMEWORKS_DIR)",
				);
				GCC_PRECOMPILE_PREFIX_HEADER = YES;
				GCC_PREFIX_HEADER = "status_prototype/status_prototype-Prefix.pch";
				GCC_PREPROCESSOR_DEFINITIONS = (
					"DEBUG=1",
					"$(inherited)",
				);
				INFOPLIST_FILE = "status_prototypeTests/status_prototypeTests-Info.plist";
				PRODUCT_NAME = "$(TARGET_NAME)";
				TEST_HOST = "$(BUNDLE_LOADER)";
				WRAPPER_EXTENSION = xctest;
			};
			name = Debug;
		};
		1D9169B718151E5A008DD91F /* Release */ = {
			isa = XCBuildConfiguration;
			buildSettings = {
				ARCHS = "$(ARCHS_STANDARD_INCLUDING_64_BIT)";
				BUNDLE_LOADER = "$(BUILT_PRODUCTS_DIR)/status_prototype.app/status_prototype";
				FRAMEWORK_SEARCH_PATHS = (
					"$(SDKROOT)/Developer/Library/Frameworks",
					"$(inherited)",
					"$(DEVELOPER_FRAMEWORKS_DIR)",
				);
				GCC_PRECOMPILE_PREFIX_HEADER = YES;
				GCC_PREFIX_HEADER = "status_prototype/status_prototype-Prefix.pch";
				INFOPLIST_FILE = "status_prototypeTests/status_prototypeTests-Info.plist";
				PRODUCT_NAME = "$(TARGET_NAME)";
				TEST_HOST = "$(BUNDLE_LOADER)";
				WRAPPER_EXTENSION = xctest;
			};
			name = Release;
		};
/* End XCBuildConfiguration section */

/* Begin XCConfigurationList section */
		1D91697518151E5A008DD91F /* Build configuration list for PBXProject "status_prototype" */ = {
			isa = XCConfigurationList;
			buildConfigurations = (
				1D9169B018151E5A008DD91F /* Debug */,
				1D9169B118151E5A008DD91F /* Release */,
			);
			defaultConfigurationIsVisible = 0;
			defaultConfigurationName = Release;
		};
		1D9169B218151E5A008DD91F /* Build configuration list for PBXNativeTarget "status_prototype" */ = {
			isa = XCConfigurationList;
			buildConfigurations = (
				1D9169B318151E5A008DD91F /* Debug */,
				1D9169B418151E5A008DD91F /* Release */,
			);
			defaultConfigurationIsVisible = 0;
			defaultConfigurationName = Release;
		};
		1D9169B518151E5A008DD91F /* Build configuration list for PBXNativeTarget "status_prototypeTests" */ = {
			isa = XCConfigurationList;
			buildConfigurations = (
				1D9169B618151E5A008DD91F /* Debug */,
				1D9169B718151E5A008DD91F /* Release */,
			);
			defaultConfigurationIsVisible = 0;
			defaultConfigurationName = Release;
		};
/* End XCConfigurationList section */
	};
	rootObject = 1D91697218151E5A008DD91F /* Project object */;
}
